
Microsoft Visual Studio Solution File, Format Version 12.00
# Visual Studio 15
VisualStudioVersion = 15.0.27130.2010
MinimumVisualStudioVersion = 10.0.40219.1
Project("{FAE04EC0-301F-11D3-BF4B-00C04F79EFBC}") = "formats-and-lines", "formats-and-lines\formats-and-lines.csproj", "{4F80ED6A-C57E-477C-8A91-3207D12FCB6B}"
EndProject
Global
	GlobalSection(SolutionConfigurationPlatforms) = preSolution
		Debug|Any CPU = Debug|Any CPU
		Release|Any CPU = Release|Any CPU
	EndGlobalSection
	GlobalSection(ProjectConfigurationPlatforms) = postSolution
		{4F80ED6A-C57E-477C-8A91-3207D12FCB6B}.Debug|Any CPU.ActiveCfg = Debug|Any CPU
		{4F80ED6A-C57E-477C-8A91-3207D12FCB6B}.Debug|Any CPU.Build.0 = Debug|Any CPU
		{4F80ED6A-C57E-477C-8A91-3207D12FCB6B}.Release|Any CPU.ActiveCfg = Release|Any CPU
		{4F80ED6A-C57E-477C-8A91-3207D12FCB6B}.Release|Any CPU.Build.0 = Release|Any CPU
	EndGlobalSection
	GlobalSection(SolutionProperties) = preSolution
		HideSolutionNode = FALSE
	EndGlobalSection
	GlobalSection(ExtensibilityGlobals) = postSolution
		SolutionGuid = {E94BCB91-D1DD-43A4-8D3F-EC4C1BCEC2CD}
	EndGlobalSection
EndGlobal
