
Microsoft Visual Studio Solution File, Format Version 12.00
# Visual Studio 15
VisualStudioVersion = 15.0.27130.2010
MinimumVisualStudioVersion = 10.0.40219.1
Project("{FAE04EC0-301F-11D3-BF4B-00C04F79EFBC}") = "equivalent-operations", "equivalent-operations\equivalent-operations.csproj", "{657E9C61-FFB1-4ADF-A75D-A900141B8914}"
EndProject
Global
	GlobalSection(SolutionConfigurationPlatforms) = preSolution
		Debug|Any CPU = Debug|Any CPU
		Release|Any CPU = Release|Any CPU
	EndGlobalSection
	GlobalSection(ProjectConfigurationPlatforms) = postSolution
		{657E9C61-FFB1-4ADF-A75D-A900141B8914}.Debug|Any CPU.ActiveCfg = Debug|Any CPU
		{657E9C61-FFB1-4ADF-A75D-A900141B8914}.Debug|Any CPU.Build.0 = Debug|Any CPU
		{657E9C61-FFB1-4ADF-A75D-A900141B8914}.Release|Any CPU.ActiveCfg = Release|Any CPU
		{657E9C61-FFB1-4ADF-A75D-A900141B8914}.Release|Any CPU.Build.0 = Release|Any CPU
	EndGlobalSection
	GlobalSection(SolutionProperties) = preSolution
		HideSolutionNode = FALSE
	EndGlobalSection
	GlobalSection(ExtensibilityGlobals) = postSolution
		SolutionGuid = {6481A6C1-115D-45C0-B09E-209FD1D5EB15}
	EndGlobalSection
EndGlobal
