
Microsoft Visual Studio Solution File, Format Version 12.00
# Visual Studio 15
VisualStudioVersion = 15.0.27130.2010
MinimumVisualStudioVersion = 10.0.40219.1
Project("{FAE04EC0-301F-11D3-BF4B-00C04F79EFBC}") = "average", "average\average.csproj", "{C896E33F-FA8C-4665-8FAE-93027BD43F5A}"
EndProject
Global
	GlobalSection(SolutionConfigurationPlatforms) = preSolution
		Debug|Any CPU = Debug|Any CPU
		Release|Any CPU = Release|Any CPU
	EndGlobalSection
	GlobalSection(ProjectConfigurationPlatforms) = postSolution
		{C896E33F-FA8C-4665-8FAE-93027BD43F5A}.Debug|Any CPU.ActiveCfg = Debug|Any CPU
		{C896E33F-FA8C-4665-8FAE-93027BD43F5A}.Debug|Any CPU.Build.0 = Debug|Any CPU
		{C896E33F-FA8C-4665-8FAE-93027BD43F5A}.Release|Any CPU.ActiveCfg = Release|Any CPU
		{C896E33F-FA8C-4665-8FAE-93027BD43F5A}.Release|Any CPU.Build.0 = Release|Any CPU
	EndGlobalSection
	GlobalSection(SolutionProperties) = preSolution
		HideSolutionNode = FALSE
	EndGlobalSection
	GlobalSection(ExtensibilityGlobals) = postSolution
		SolutionGuid = {229BA985-9E64-48A6-AB2D-DB19C447D647}
	EndGlobalSection
EndGlobal
