
Microsoft Visual Studio Solution File, Format Version 12.00
# Visual Studio 15
VisualStudioVersion = 15.0.27130.2010
MinimumVisualStudioVersion = 10.0.40219.1
Project("{FAE04EC0-301F-11D3-BF4B-00C04F79EFBC}") = "reading-user-input", "reading-user-input\reading-user-input.csproj", "{925F4788-15A0-46F7-A6C6-1880D6B142CA}"
EndProject
Global
	GlobalSection(SolutionConfigurationPlatforms) = preSolution
		Debug|Any CPU = Debug|Any CPU
		Release|Any CPU = Release|Any CPU
	EndGlobalSection
	GlobalSection(ProjectConfigurationPlatforms) = postSolution
		{925F4788-15A0-46F7-A6C6-1880D6B142CA}.Debug|Any CPU.ActiveCfg = Debug|Any CPU
		{925F4788-15A0-46F7-A6C6-1880D6B142CA}.Debug|Any CPU.Build.0 = Debug|Any CPU
		{925F4788-15A0-46F7-A6C6-1880D6B142CA}.Release|Any CPU.ActiveCfg = Release|Any CPU
		{925F4788-15A0-46F7-A6C6-1880D6B142CA}.Release|Any CPU.Build.0 = Release|Any CPU
	EndGlobalSection
	GlobalSection(SolutionProperties) = preSolution
		HideSolutionNode = FALSE
	EndGlobalSection
	GlobalSection(ExtensibilityGlobals) = postSolution
		SolutionGuid = {38CC44F1-ADF2-4534-8297-37F5C7699D9B}
	EndGlobalSection
EndGlobal
